// !$*UTF8*$!
{
	archiveVersion = 1;
	classes = {
	};
	objectVersion = 77;
	objects = {

/* Begin PBXBuildFile section */
		EC2548B32F34194E0003414C /* MapPathEditorHelper.swift in Sources */ = {isa = PBXBuildFile; fileRef = EC2548B22F34194E0003414C /* MapPathEditorHelper.swift */; };
		EC26DE262F3D3873007DDE2B /* WiringGameViewModel.swift in Sources */ = {isa = PBXBuildFile; fileRef = EC26DE202F3D3873007DDE2B /* WiringGameViewModel.swift */; };
		EC26DE292F3D3992007DDE2B /* PuzzlePromptPopup.swift in Sources */ = {isa = PBXBuildFile; fileRef = EC26DE282F3D3992007DDE2B /* PuzzlePromptPopup.swift */; };
		EC26DE2D2F3D3A01007DDE2B /* PuzzleResultPopUp.swift in Sources */ = {isa = PBXBuildFile; fileRef = EC26DE2C2F3D3A01007DDE2B /* PuzzleResultPopUp.swift */; };
		EC6BAB1C2F3159E300BDBEC8 /* RootView.swift in Sources */ = {isa = PBXBuildFile; fileRef = EC6BAB1B2F3159E300BDBEC8 /* RootView.swift */; };
		EC6BAB1E2F315A3000BDBEC8 /* GameSession.swift in Sources */ = {isa = PBXBuildFile; fileRef = EC6BAB1D2F315A3000BDBEC8 /* GameSession.swift */; };
		EC7628CB2F395ADB008952D9 /* Models.swift in Sources */ = {isa = PBXBuildFile; fileRef = EC7628CA2F395ADB008952D9 /* Models.swift */; };
		EC77AE8E2F3B9A320056D261 /* OfflineBanner.swift in Sources */ = {isa = PBXBuildFile; fileRef = EC77AE8D2F3B9A320056D261 /* OfflineBanner.swift */; };
		EC80F3C62F3F810800544443 /* MapView+Content.swift in Sources */ = {isa = PBXBuildFile; fileRef = EC80F3C52F3F810800544443 /* MapView+Content.swift */; };
		EC80F3C82F3F812F00544443 /* MapView+Sheets.swift in Sources */ = {isa = PBXBuildFile; fileRef = EC80F3C72F3F812F00544443 /* MapView+Sheets.swift */; };
		EC80F3CA2F3F814300544443 /* MapView+Puzzle.swift in Sources */ = {isa = PBXBuildFile; fileRef = EC80F3C92F3F814300544443 /* MapView+Puzzle.swift */; };
		EC80F3CF2F3FB01200544443 /* ChallengeResultPopup.swift in Sources */ = {isa = PBXBuildFile; fileRef = EC80F3CC2F3FB01200544443 /* ChallengeResultPopup.swift */; };
		EC80F3D02F3FB01200544443 /* ChallengesSheet.swift in Sources */ = {isa = PBXBuildFile; fileRef = EC80F3CD2F3FB01200544443 /* ChallengesSheet.swift */; };
		EC80F3D22F3FB44900544443 /* PuzzleWiringView.swift in Sources */ = {isa = PBXBuildFile; fileRef = EC80F3D12F3FB44900544443 /* PuzzleWiringView.swift */; };
		ECCAEE3A2F218A8B0047C5DF /* FirebaseAuth in Frameworks */ = {isa = PBXBuildFile; productRef = ECCAEE392F218A8B0047C5DF /* FirebaseAuth */; };
		ECCAEE3C2F218A8B0047C5DF /* FirebaseFirestore in Frameworks */ = {isa = PBXBuildFile; productRef = ECCAEE3B2F218A8B0047C5DF /* FirebaseFirestore */; };
		ECCAEE422F218AAA0047C5DF /* Assets.xcassets in Resources */ = {isa = PBXBuildFile; fileRef = ECCAEE3D2F218AAA0047C5DF /* Assets.xcassets */; };
		ECCAEE432F218AAA0047C5DF /* GoogleService-Info.plist in Resources */ = {isa = PBXBuildFile; fileRef = ECCAEE3F2F218AAA0047C5DF /* GoogleService-Info.plist */; };
		ECCB95CD2F29478100DBC1F5 /* StepGameApp.swift in Sources */ = {isa = PBXBuildFile; fileRef = ECCB95CB2F29478100DBC1F5 /* StepGameApp.swift */; };
		ECCB95D52F29483B00DBC1F5 /* FirebaseService.swift in Sources */ = {isa = PBXBuildFile; fileRef = ECCB95D42F29483B00DBC1F5 /* FirebaseService.swift */; };
		ECCB95D72F29484A00DBC1F5 /* HealthKitService.swift in Sources */ = {isa = PBXBuildFile; fileRef = ECCB95D62F29484A00DBC1F5 /* HealthKitService.swift */; };
		ECCB95DB2F294C0F00DBC1F5 /* SplashView.swift in Sources */ = {isa = PBXBuildFile; fileRef = ECCB95DA2F294C0F00DBC1F5 /* SplashView.swift */; };
		ECCB95DD2F294C2100DBC1F5 /* SplashViewModel.swift in Sources */ = {isa = PBXBuildFile; fileRef = ECCB95DC2F294C2100DBC1F5 /* SplashViewModel.swift */; };
		ECCB95DF2F294C3D00DBC1F5 /* OnboardingView.swift in Sources */ = {isa = PBXBuildFile; fileRef = ECCB95DE2F294C3D00DBC1F5 /* OnboardingView.swift */; };
		ECCB95E12F294C4500DBC1F5 /* OnboardingViewModel.swift in Sources */ = {isa = PBXBuildFile; fileRef = ECCB95E02F294C4500DBC1F5 /* OnboardingViewModel.swift */; };
		ECCB95E32F294C5A00DBC1F5 /* EnterNameView.swift in Sources */ = {isa = PBXBuildFile; fileRef = ECCB95E22F294C5A00DBC1F5 /* EnterNameView.swift */; };
		ECCB95E52F294C6100DBC1F5 /* EnterNameViewModel.swift in Sources */ = {isa = PBXBuildFile; fileRef = ECCB95E42F294C6100DBC1F5 /* EnterNameViewModel.swift */; };
		ECCB95E72F294C8100DBC1F5 /* StartView.swift in Sources */ = {isa = PBXBuildFile; fileRef = ECCB95E62F294C8100DBC1F5 /* StartView.swift */; };
		ECCB95E92F294C8F00DBC1F5 /* StartViewModel.swift in Sources */ = {isa = PBXBuildFile; fileRef = ECCB95E82F294C8F00DBC1F5 /* StartViewModel.swift */; };
		ECCB95EB2F294CA700DBC1F5 /*  SetupChallengeView.swift in Sources */ = {isa = PBXBuildFile; fileRef = ECCB95EA2F294CA700DBC1F5 /*  SetupChallengeView.swift */; };
		ECCB95ED2F294CAE00DBC1F5 /*  SetupChallengeViewModel.swift in Sources */ = {isa = PBXBuildFile; fileRef = ECCB95EC2F294CAE00DBC1F5 /*  SetupChallengeViewModel.swift */; };
		ECCB95EF2F294CC900DBC1F5 /* MapView.swift in Sources */ = {isa = PBXBuildFile; fileRef = ECCB95EE2F294CC900DBC1F5 /* MapView.swift */; };
		ECCB95F12F294CD100DBC1F5 /* MapViewModel.swift in Sources */ = {isa = PBXBuildFile; fileRef = ECCB95F02F294CD100DBC1F5 /* MapViewModel.swift */; };
		ECCB95FF2F294DD900DBC1F5 /* ProfileViewModel.swift in Sources */ = {isa = PBXBuildFile; fileRef = ECCB95FE2F294DD900DBC1F5 /* ProfileViewModel.swift */; };
		ECCB96012F294DE900DBC1F5 /* ProfileView.swift in Sources */ = {isa = PBXBuildFile; fileRef = ECCB96002F294DE900DBC1F5 /* ProfileView.swift */; };
		ECCB96032F294DFF00DBC1F5 /* JoinWithCodePopup.swift in Sources */ = {isa = PBXBuildFile; fileRef = ECCB96022F294DFF00DBC1F5 /* JoinWithCodePopup.swift */; };
		ECCB97882F2C3DA100DBC1F5 /* WaitingView.swift in Sources */ = {isa = PBXBuildFile; fileRef = ECCB97872F2C3DA100DBC1F5 /* WaitingView.swift */; };
		ECCB978A2F2C3DB300DBC1F5 /* WaitingViewModel.swift in Sources */ = {isa = PBXBuildFile; fileRef = ECCB97892F2C3DB300DBC1F5 /* WaitingViewModel.swift */; };
		ECCB978F2F2D89E500DBC1F5 /* RussoOne-Regular.ttf in Resources */ = {isa = PBXBuildFile; fileRef = ECCB978E2F2D89E500DBC1F5 /* RussoOne-Regular.ttf */; };
		ECCF7DCE2F3A5EA70003F772 /* WindTumbleweed.swift in Sources */ = {isa = PBXBuildFile; fileRef = ECCF7DCD2F3A5EA70003F772 /* WindTumbleweed.swift */; };
/* End PBXBuildFile section */

/* Begin PBXFileReference section */
		EC2548B22F34194E0003414C /* MapPathEditorHelper.swift */ = {isa = PBXFileReference; lastKnownFileType = sourcecode.swift; path = MapPathEditorHelper.swift; sourceTree = "<group>"; };
		EC26DE202F3D3873007DDE2B /* WiringGameViewModel.swift */ = {isa = PBXFileReference; lastKnownFileType = sourcecode.swift; path = WiringGameViewModel.swift; sourceTree = "<group>"; };
		EC26DE282F3D3992007DDE2B /* PuzzlePromptPopup.swift */ = {isa = PBXFileReference; lastKnownFileType = sourcecode.swift; path = PuzzlePromptPopup.swift; sourceTree = "<group>"; };
		EC26DE2C2F3D3A01007DDE2B /* PuzzleResultPopUp.swift */ = {isa = PBXFileReference; lastKnownFileType = sourcecode.swift; path = PuzzleResultPopUp.swift; sourceTree = "<group>"; };
		EC6BAB1B2F3159E300BDBEC8 /* RootView.swift */ = {isa = PBXFileReference; lastKnownFileType = sourcecode.swift; path = RootView.swift; sourceTree = "<group>"; };
		EC6BAB1D2F315A3000BDBEC8 /* GameSession.swift */ = {isa = PBXFileReference; lastKnownFileType = sourcecode.swift; path = GameSession.swift; sourceTree = "<group>"; };
		EC7628CA2F395ADB008952D9 /* Models.swift */ = {isa = PBXFileReference; lastKnownFileType = sourcecode.swift; path = Models.swift; sourceTree = "<group>"; };
		EC77AE8D2F3B9A320056D261 /* OfflineBanner.swift */ = {isa = PBXFileReference; lastKnownFileType = sourcecode.swift; path = OfflineBanner.swift; sourceTree = "<group>"; };
		EC80F3C52F3F810800544443 /* MapView+Content.swift */ = {isa = PBXFileReference; lastKnownFileType = sourcecode.swift; path = "MapView+Content.swift"; sourceTree = "<group>"; };
		EC80F3C72F3F812F00544443 /* MapView+Sheets.swift */ = {isa = PBXFileReference; lastKnownFileType = sourcecode.swift; path = "MapView+Sheets.swift"; sourceTree = "<group>"; };
		EC80F3C92F3F814300544443 /* MapView+Puzzle.swift */ = {isa = PBXFileReference; lastKnownFileType = sourcecode.swift; path = "MapView+Puzzle.swift"; sourceTree = "<group>"; };
		EC80F3CC2F3FB01200544443 /* ChallengeResultPopup.swift */ = {isa = PBXFileReference; lastKnownFileType = sourcecode.swift; path = ChallengeResultPopup.swift; sourceTree = "<group>"; };
		EC80F3CD2F3FB01200544443 /* ChallengesSheet.swift */ = {isa = PBXFileReference; lastKnownFileType = sourcecode.swift; path = ChallengesSheet.swift; sourceTree = "<group>"; };
		EC80F3D12F3FB44900544443 /* PuzzleWiringView.swift */ = {isa = PBXFileReference; lastKnownFileType = sourcecode.swift; path = PuzzleWiringView.swift; sourceTree = "<group>"; };
		ECCAEE282F21888B0047C5DF /* StepGame.app */ = {isa = PBXFileReference; explicitFileType = wrapper.application; includeInIndex = 0; path = StepGame.app; sourceTree = BUILT_PRODUCTS_DIR; };
		ECCAEE3D2F218AAA0047C5DF /* Assets.xcassets */ = {isa = PBXFileReference; lastKnownFileType = folder.assetcatalog; path = Assets.xcassets; sourceTree = "<group>"; };
		ECCAEE3F2F218AAA0047C5DF /* GoogleService-Info.plist */ = {isa = PBXFileReference; lastKnownFileType = text.plist.xml; path = "GoogleService-Info.plist"; sourceTree = "<group>"; };
		ECCB95CB2F29478100DBC1F5 /* StepGameApp.swift */ = {isa = PBXFileReference; lastKnownFileType = sourcecode.swift; path = StepGameApp.swift; sourceTree = "<group>"; };
		ECCB95D42F29483B00DBC1F5 /* FirebaseService.swift */ = {isa = PBXFileReference; lastKnownFileType = sourcecode.swift; path = FirebaseService.swift; sourceTree = "<group>"; };
		ECCB95D62F29484A00DBC1F5 /* HealthKitService.swift */ = {isa = PBXFileReference; lastKnownFileType = sourcecode.swift; path = HealthKitService.swift; sourceTree = "<group>"; };
		ECCB95DA2F294C0F00DBC1F5 /* SplashView.swift */ = {isa = PBXFileReference; lastKnownFileType = sourcecode.swift; path = SplashView.swift; sourceTree = "<group>"; };
		ECCB95DC2F294C2100DBC1F5 /* SplashViewModel.swift */ = {isa = PBXFileReference; lastKnownFileType = sourcecode.swift; path = SplashViewModel.swift; sourceTree = "<group>"; };
		ECCB95DE2F294C3D00DBC1F5 /* OnboardingView.swift */ = {isa = PBXFileReference; lastKnownFileType = sourcecode.swift; path = OnboardingView.swift; sourceTree = "<group>"; };
		ECCB95E02F294C4500DBC1F5 /* OnboardingViewModel.swift */ = {isa = PBXFileReference; lastKnownFileType = sourcecode.swift; path = OnboardingViewModel.swift; sourceTree = "<group>"; };
		ECCB95E22F294C5A00DBC1F5 /* EnterNameView.swift */ = {isa = PBXFileReference; lastKnownFileType = sourcecode.swift; path = EnterNameView.swift; sourceTree = "<group>"; };
		ECCB95E42F294C6100DBC1F5 /* EnterNameViewModel.swift */ = {isa = PBXFileReference; lastKnownFileType = sourcecode.swift; path = EnterNameViewModel.swift; sourceTree = "<group>"; };
		ECCB95E62F294C8100DBC1F5 /* StartView.swift */ = {isa = PBXFileReference; lastKnownFileType = sourcecode.swift; path = StartView.swift; sourceTree = "<group>"; };
		ECCB95E82F294C8F00DBC1F5 /* StartViewModel.swift */ = {isa = PBXFileReference; lastKnownFileType = sourcecode.swift; path = StartViewModel.swift; sourceTree = "<group>"; };
		ECCB95EA2F294CA700DBC1F5 /*  SetupChallengeView.swift */ = {isa = PBXFileReference; lastKnownFileType = sourcecode.swift; path = " SetupChallengeView.swift"; sourceTree = "<group>"; };
		ECCB95EC2F294CAE00DBC1F5 /*  SetupChallengeViewModel.swift */ = {isa = PBXFileReference; lastKnownFileType = sourcecode.swift; path = " SetupChallengeViewModel.swift"; sourceTree = "<group>"; };
		ECCB95EE2F294CC900DBC1F5 /* MapView.swift */ = {isa = PBXFileReference; lastKnownFileType = sourcecode.swift; path = MapView.swift; sourceTree = "<group>"; };
		ECCB95F02F294CD100DBC1F5 /* MapViewModel.swift */ = {isa = PBXFileReference; lastKnownFileType = sourcecode.swift; path = MapViewModel.swift; sourceTree = "<group>"; };
		ECCB95FE2F294DD900DBC1F5 /* ProfileViewModel.swift */ = {isa = PBXFileReference; lastKnownFileType = sourcecode.swift; path = ProfileViewModel.swift; sourceTree = "<group>"; };
		ECCB96002F294DE900DBC1F5 /* ProfileView.swift */ = {isa = PBXFileReference; lastKnownFileType = sourcecode.swift; path = ProfileView.swift; sourceTree = "<group>"; };
		ECCB96022F294DFF00DBC1F5 /* JoinWithCodePopup.swift */ = {isa = PBXFileReference; lastKnownFileType = sourcecode.swift; path = JoinWithCodePopup.swift; sourceTree = "<group>"; };
		ECCB97872F2C3DA100DBC1F5 /* WaitingView.swift */ = {isa = PBXFileReference; lastKnownFileType = sourcecode.swift; path = WaitingView.swift; sourceTree = "<group>"; };
		ECCB97892F2C3DB300DBC1F5 /* WaitingViewModel.swift */ = {isa = PBXFileReference; lastKnownFileType = sourcecode.swift; path = WaitingViewModel.swift; sourceTree = "<group>"; };
		ECCB978E2F2D89E500DBC1F5 /* RussoOne-Regular.ttf */ = {isa = PBXFileReference; lastKnownFileType = file; path = "RussoOne-Regular.ttf"; sourceTree = "<group>"; };
		ECCF7DCD2F3A5EA70003F772 /* WindTumbleweed.swift */ = {isa = PBXFileReference; lastKnownFileType = sourcecode.swift; path = WindTumbleweed.swift; sourceTree = "<group>"; };
/* End PBXFileReference section */

/* Begin PBXFrameworksBuildPhase section */
		ECCAEE252F21888B0047C5DF /* Frameworks */ = {
			isa = PBXFrameworksBuildPhase;
			buildActionMask = 2147483647;
			files = (
				ECCAEE3A2F218A8B0047C5DF /* FirebaseAuth in Frameworks */,
				ECCAEE3C2F218A8B0047C5DF /* FirebaseFirestore in Frameworks */,
			);
			runOnlyForDeploymentPostprocessing = 0;
		};
/* End PBXFrameworksBuildPhase section */

/* Begin PBXGroup section */
		EC2548B12F34193E0003414C /* Helpers */ = {
			isa = PBXGroup;
			children = (
				EC2548B22F34194E0003414C /* MapPathEditorHelper.swift */,
				EC77AE8D2F3B9A320056D261 /* OfflineBanner.swift */,
				ECCF7DCD2F3A5EA70003F772 /* WindTumbleweed.swift */,
			);
			path = Helpers;
			sourceTree = "<group>";
		};
		EC26DE1F2F3D3873007DDE2B /* View */ = {
			isa = PBXGroup;
			children = (
				EC80F3D12F3FB44900544443 /* PuzzleWiringView.swift */,
				EC26DE282F3D3992007DDE2B /* PuzzlePromptPopup.swift */,
				EC26DE2C2F3D3A01007DDE2B /* PuzzleResultPopUp.swift */,
			);
			path = View;
			sourceTree = "<group>";
		};
		EC26DE212F3D3873007DDE2B /* ViewModel */ = {
			isa = PBXGroup;
			children = (
				EC26DE202F3D3873007DDE2B /* WiringGameViewModel.swift */,
			);
			path = ViewModel;
			sourceTree = "<group>";
		};
		EC26DE222F3D3873007DDE2B /* PuzzlePage */ = {
			isa = PBXGroup;
			children = (
				EC26DE212F3D3873007DDE2B /* ViewModel */,
				EC26DE1F2F3D3873007DDE2B /* View */,
			);
			path = PuzzlePage;
			sourceTree = "<group>";
		};
		EC80F3C32F3F802800544443 /* ViewModel */ = {
			isa = PBXGroup;
			children = (
				ECCB95F02F294CD100DBC1F5 /* MapViewModel.swift */,
			);
			path = ViewModel;
			sourceTree = "<group>";
		};
		EC80F3C42F3F802A00544443 /* View */ = {
			isa = PBXGroup;
			children = (
				ECCB95EE2F294CC900DBC1F5 /* MapView.swift */,
				EC80F3C52F3F810800544443 /* MapView+Content.swift */,
				EC80F3C72F3F812F00544443 /* MapView+Sheets.swift */,
				EC80F3C92F3F814300544443 /* MapView+Puzzle.swift */,
			);
			path = View;
			sourceTree = "<group>";
		};
		EC80F3CE2F3FB01200544443 /* ChallengesSheet */ = {
			isa = PBXGroup;
			children = (
				EC80F3CD2F3FB01200544443 /* ChallengesSheet.swift */,
				EC80F3CC2F3FB01200544443 /* ChallengeResultPopup.swift */,
			);
			path = ChallengesSheet;
			sourceTree = "<group>";
		};
		ECCAEE1F2F21888B0047C5DF = {
			isa = PBXGroup;
			children = (
				ECCAEE412F218AAA0047C5DF /* StepGame */,
				ECCAEE292F21888B0047C5DF /* Products */,
			);
			sourceTree = "<group>";
		};
		ECCAEE292F21888B0047C5DF /* Products */ = {
			isa = PBXGroup;
			children = (
				ECCAEE282F21888B0047C5DF /* StepGame.app */,
			);
			name = Products;
			sourceTree = "<group>";
		};
		ECCAEE412F218AAA0047C5DF /* StepGame */ = {
			isa = PBXGroup;
			children = (
				ECCB95CC2F29478100DBC1F5 /* App */,
				ECCB95C82F29473600DBC1F5 /* Services */,
				ECCB95C72F29473600DBC1F5 /* Models */,
				ECCB95C62F29472F00DBC1F5 /* Pages */,
				ECCB95C12F29472F00DBC1F5 /* Resources */,
			);
			path = StepGame;
			sourceTree = "<group>";
		};
		ECCB95BC2F29472F00DBC1F5 /* EnterNamePage */ = {
			isa = PBXGroup;
			children = (
				ECCB95E22F294C5A00DBC1F5 /* EnterNameView.swift */,
				ECCB95E42F294C6100DBC1F5 /* EnterNameViewModel.swift */,
			);
			path = EnterNamePage;
			sourceTree = "<group>";
		};
		ECCB95BD2F29472F00DBC1F5 /* MapPage */ = {
			isa = PBXGroup;
			children = (
				EC80F3C32F3F802800544443 /* ViewModel */,
				EC80F3C42F3F802A00544443 /* View */,
			);
			path = MapPage;
			sourceTree = "<group>";
		};
		ECCB95BE2F29472F00DBC1F5 /* OnboardingPage */ = {
			isa = PBXGroup;
			children = (
				ECCB95DE2F294C3D00DBC1F5 /* OnboardingView.swift */,
				ECCB95E02F294C4500DBC1F5 /* OnboardingViewModel.swift */,
			);
			path = OnboardingPage;
			sourceTree = "<group>";
		};
		ECCB95BF2F29472F00DBC1F5 /* ProfilePage */ = {
			isa = PBXGroup;
			children = (
				ECCB96002F294DE900DBC1F5 /* ProfileView.swift */,
				ECCB95FE2F294DD900DBC1F5 /* ProfileViewModel.swift */,
			);
			path = ProfilePage;
			sourceTree = "<group>";
		};
		ECCB95C12F29472F00DBC1F5 /* Resources */ = {
			isa = PBXGroup;
			children = (
				ECCB978D2F2D89DE00DBC1F5 /* Fonts */,
				ECCAEE3D2F218AAA0047C5DF /* Assets.xcassets */,
				ECCAEE3F2F218AAA0047C5DF /* GoogleService-Info.plist */,
			);
			path = Resources;
			sourceTree = "<group>";
		};
		ECCB95C22F29472F00DBC1F5 /* SetupChallengePage */ = {
			isa = PBXGroup;
			children = (
				ECCB95EA2F294CA700DBC1F5 /*  SetupChallengeView.swift */,
				ECCB95EC2F294CAE00DBC1F5 /*  SetupChallengeViewModel.swift */,
				ECCB96022F294DFF00DBC1F5 /* JoinWithCodePopup.swift */,
			);
			path = SetupChallengePage;
			sourceTree = "<group>";
		};
		ECCB95C42F29472F00DBC1F5 /* SplashPage */ = {
			isa = PBXGroup;
			children = (
				ECCB95DA2F294C0F00DBC1F5 /* SplashView.swift */,
				ECCB95DC2F294C2100DBC1F5 /* SplashViewModel.swift */,
			);
			path = SplashPage;
			sourceTree = "<group>";
		};
		ECCB95C52F29472F00DBC1F5 /* StartPage */ = {
			isa = PBXGroup;
			children = (
				ECCB95E62F294C8100DBC1F5 /* StartView.swift */,
				ECCB95E82F294C8F00DBC1F5 /* StartViewModel.swift */,
			);
			path = StartPage;
			sourceTree = "<group>";
		};
		ECCB95C62F29472F00DBC1F5 /* Pages */ = {
			isa = PBXGroup;
			children = (
				ECCB95C42F29472F00DBC1F5 /* SplashPage */,
				ECCB95BE2F29472F00DBC1F5 /* OnboardingPage */,
				ECCB95BC2F29472F00DBC1F5 /* EnterNamePage */,
				ECCB95C52F29472F00DBC1F5 /* StartPage */,
				ECCB95C22F29472F00DBC1F5 /* SetupChallengePage */,
				ECCB97862F2C3D5900DBC1F5 /* WaitingPage */,
				ECCB95BD2F29472F00DBC1F5 /* MapPage */,
				EC80F3CE2F3FB01200544443 /* ChallengesSheet */,
				EC26DE222F3D3873007DDE2B /* PuzzlePage */,
				ECCB95BF2F29472F00DBC1F5 /* ProfilePage */,
				EC2548B12F34193E0003414C /* Helpers */,
			);
			path = Pages;
			sourceTree = "<group>";
		};
		ECCB95C72F29473600DBC1F5 /* Models */ = {
			isa = PBXGroup;
			children = (
				EC7628CA2F395ADB008952D9 /* Models.swift */,
			);
			path = Models;
			sourceTree = "<group>";
		};
		ECCB95C82F29473600DBC1F5 /* Services */ = {
			isa = PBXGroup;
			children = (
				ECCB95D42F29483B00DBC1F5 /* FirebaseService.swift */,
				ECCB95D62F29484A00DBC1F5 /* HealthKitService.swift */,
			);
			path = Services;
			sourceTree = "<group>";
		};
		ECCB95CC2F29478100DBC1F5 /* App */ = {
			isa = PBXGroup;
			children = (
				ECCB95CB2F29478100DBC1F5 /* StepGameApp.swift */,
				EC6BAB1B2F3159E300BDBEC8 /* RootView.swift */,
				EC6BAB1D2F315A3000BDBEC8 /* GameSession.swift */,
			);
			path = App;
			sourceTree = "<group>";
		};
		ECCB97862F2C3D5900DBC1F5 /* WaitingPage */ = {
			isa = PBXGroup;
			children = (
				ECCB97872F2C3DA100DBC1F5 /* WaitingView.swift */,
				ECCB97892F2C3DB300DBC1F5 /* WaitingViewModel.swift */,
			);
			path = WaitingPage;
			sourceTree = "<group>";
		};
		ECCB978D2F2D89DE00DBC1F5 /* Fonts */ = {
			isa = PBXGroup;
			children = (
				ECCB978E2F2D89E500DBC1F5 /* RussoOne-Regular.ttf */,
			);
			path = Fonts;
			sourceTree = "<group>";
		};
/* End PBXGroup section */

/* Begin PBXNativeTarget section */
		ECCAEE272F21888B0047C5DF /* StepGame */ = {
			isa = PBXNativeTarget;
			buildConfigurationList = ECCAEE332F21888C0047C5DF /* Build configuration list for PBXNativeTarget "StepGame" */;
			buildPhases = (
				ECCAEE242F21888B0047C5DF /* Sources */,
				ECCAEE252F21888B0047C5DF /* Frameworks */,
				ECCAEE262F21888B0047C5DF /* Resources */,
			);
			buildRules = (
			);
			dependencies = (
			);
			name = StepGame;
			packageProductDependencies = (
				ECCAEE392F218A8B0047C5DF /* FirebaseAuth */,
				ECCAEE3B2F218A8B0047C5DF /* FirebaseFirestore */,
			);
			productName = StepGame;
			productReference = ECCAEE282F21888B0047C5DF /* StepGame.app */;
			productType = "com.apple.product-type.application";
		};
/* End PBXNativeTarget section */

/* Begin PBXProject section */
		ECCAEE202F21888B0047C5DF /* Project object */ = {
			isa = PBXProject;
			attributes = {
				BuildIndependentTargetsInParallel = 1;
				LastSwiftUpdateCheck = 2610;
				LastUpgradeCheck = 2610;
				TargetAttributes = {
					ECCAEE272F21888B0047C5DF = {
						CreatedOnToolsVersion = 26.1.1;
					};
				};
			};
			buildConfigurationList = ECCAEE232F21888B0047C5DF /* Build configuration list for PBXProject "StepGame" */;
			developmentRegion = en;
			hasScannedForEncodings = 0;
			knownRegions = (
				en,
				Base,
			);
			mainGroup = ECCAEE1F2F21888B0047C5DF;
			minimizedProjectReferenceProxies = 1;
			packageReferences = (
				ECCAEE382F218A8B0047C5DF /* XCRemoteSwiftPackageReference "firebase-ios-sdk" */,
			);
			preferredProjectObjectVersion = 77;
			productRefGroup = ECCAEE292F21888B0047C5DF /* Products */;
			projectDirPath = "";
			projectRoot = "";
			targets = (
				ECCAEE272F21888B0047C5DF /* StepGame */,
			);
		};
/* End PBXProject section */

/* Begin PBXResourcesBuildPhase section */
		ECCAEE262F21888B0047C5DF /* Resources */ = {
			isa = PBXResourcesBuildPhase;
			buildActionMask = 2147483647;
			files = (
				ECCAEE422F218AAA0047C5DF /* Assets.xcassets in Resources */,
				ECCB978F2F2D89E500DBC1F5 /* RussoOne-Regular.ttf in Resources */,
				ECCAEE432F218AAA0047C5DF /* GoogleService-Info.plist in Resources */,
			);
			runOnlyForDeploymentPostprocessing = 0;
		};
/* End PBXResourcesBuildPhase section */

/* Begin PBXSourcesBuildPhase section */
		ECCAEE242F21888B0047C5DF /* Sources */ = {
			isa = PBXSourcesBuildPhase;
			buildActionMask = 2147483647;
			files = (
				ECCB95D52F29483B00DBC1F5 /* FirebaseService.swift in Sources */,
				EC77AE8E2F3B9A320056D261 /* OfflineBanner.swift in Sources */,
				EC80F3CF2F3FB01200544443 /* ChallengeResultPopup.swift in Sources */,
				EC80F3D02F3FB01200544443 /* ChallengesSheet.swift in Sources */,
				ECCB97882F2C3DA100DBC1F5 /* WaitingView.swift in Sources */,
				ECCB95E52F294C6100DBC1F5 /* EnterNameViewModel.swift in Sources */,
				EC80F3C62F3F810800544443 /* MapView+Content.swift in Sources */,
				ECCB95EB2F294CA700DBC1F5 /*  SetupChallengeView.swift in Sources */,
				EC2548B32F34194E0003414C /* MapPathEditorHelper.swift in Sources */,
				ECCB96032F294DFF00DBC1F5 /* JoinWithCodePopup.swift in Sources */,
				ECCB978A2F2C3DB300DBC1F5 /* WaitingViewModel.swift in Sources */,
				EC80F3C82F3F812F00544443 /* MapView+Sheets.swift in Sources */,
				ECCB95D72F29484A00DBC1F5 /* HealthKitService.swift in Sources */,
				ECCB95DF2F294C3D00DBC1F5 /* OnboardingView.swift in Sources */,
				ECCB96012F294DE900DBC1F5 /* ProfileView.swift in Sources */,
				EC7628CB2F395ADB008952D9 /* Models.swift in Sources */,
				ECCB95E72F294C8100DBC1F5 /* StartView.swift in Sources */,
				EC6BAB1C2F3159E300BDBEC8 /* RootView.swift in Sources */,
				EC80F3D22F3FB44900544443 /* PuzzleWiringView.swift in Sources */,
				ECCF7DCE2F3A5EA70003F772 /* WindTumbleweed.swift in Sources */,
				EC26DE292F3D3992007DDE2B /* PuzzlePromptPopup.swift in Sources */,
				EC6BAB1E2F315A3000BDBEC8 /* GameSession.swift in Sources */,
				ECCB95E92F294C8F00DBC1F5 /* StartViewModel.swift in Sources */,
				ECCB95EF2F294CC900DBC1F5 /* MapView.swift in Sources */,
				ECCB95ED2F294CAE00DBC1F5 /*  SetupChallengeViewModel.swift in Sources */,
				EC26DE262F3D3873007DDE2B /* WiringGameViewModel.swift in Sources */,
				ECCB95FF2F294DD900DBC1F5 /* ProfileViewModel.swift in Sources */,
				ECCB95E12F294C4500DBC1F5 /* OnboardingViewModel.swift in Sources */,
				ECCB95CD2F29478100DBC1F5 /* StepGameApp.swift in Sources */,
				ECCB95DB2F294C0F00DBC1F5 /* SplashView.swift in Sources */,
				ECCB95DD2F294C2100DBC1F5 /* SplashViewModel.swift in Sources */,
				EC80F3CA2F3F814300544443 /* MapView+Puzzle.swift in Sources */,
				ECCB95E32F294C5A00DBC1F5 /* EnterNameView.swift in Sources */,
				ECCB95F12F294CD100DBC1F5 /* MapViewModel.swift in Sources */,
				EC26DE2D2F3D3A01007DDE2B /* PuzzleResultPopUp.swift in Sources */,
			);
			runOnlyForDeploymentPostprocessing = 0;
		};
/* End PBXSourcesBuildPhase section */

/* Begin XCBuildConfiguration section */
		ECCAEE312F21888C0047C5DF /* Debug */ = {
			isa = XCBuildConfiguration;
			buildSettings = {
				ALWAYS_SEARCH_USER_PATHS = NO;
				ASSETCATALOG_COMPILER_GENERATE_SWIFT_ASSET_SYMBOL_EXTENSIONS = YES;
				CLANG_ANALYZER_NONNULL = YES;
				CLANG_ANALYZER_NUMBER_OBJECT_CONVERSION = YES_AGGRESSIVE;
				CLANG_CXX_LANGUAGE_STANDARD = "gnu++20";
				CLANG_ENABLE_MODULES = YES;
				CLANG_ENABLE_OBJC_ARC = YES;
				CLANG_ENABLE_OBJC_WEAK = YES;
				CLANG_WARN_BLOCK_CAPTURE_AUTORELEASING = YES;
				CLANG_WARN_BOOL_CONVERSION = YES;
				CLANG_WARN_COMMA = YES;
				CLANG_WARN_CONSTANT_CONVERSION = YES;
				CLANG_WARN_DEPRECATED_OBJC_IMPLEMENTATIONS = YES;
				CLANG_WARN_DIRECT_OBJC_ISA_USAGE = YES_ERROR;
				CLANG_WARN_DOCUMENTATION_COMMENTS = YES;
				CLANG_WARN_EMPTY_BODY = YES;
				CLANG_WARN_ENUM_CONVERSION = YES;
				CLANG_WARN_INFINITE_RECURSION = YES;
				CLANG_WARN_INT_CONVERSION = YES;
				CLANG_WARN_NON_LITERAL_NULL_CONVERSION = YES;
				CLANG_WARN_OBJC_IMPLICIT_RETAIN_SELF = YES;
				CLANG_WARN_OBJC_LITERAL_CONVERSION = YES;
				CLANG_WARN_OBJC_ROOT_CLASS = YES_ERROR;
				CLANG_WARN_QUOTED_INCLUDE_IN_FRAMEWORK_HEADER = YES;
				CLANG_WARN_RANGE_LOOP_ANALYSIS = YES;
				CLANG_WARN_STRICT_PROTOTYPES = YES;
				CLANG_WARN_SUSPICIOUS_MOVE = YES;
				CLANG_WARN_UNGUARDED_AVAILABILITY = YES_AGGRESSIVE;
				CLANG_WARN_UNREACHABLE_CODE = YES;
				CLANG_WARN__DUPLICATE_METHOD_MATCH = YES;
				COPY_PHASE_STRIP = NO;
				DEBUG_INFORMATION_FORMAT = dwarf;
				DEVELOPMENT_TEAM = Q3BRAU32HS;
				ENABLE_STRICT_OBJC_MSGSEND = YES;
				ENABLE_TESTABILITY = YES;
				ENABLE_USER_SCRIPT_SANDBOXING = YES;
				GCC_C_LANGUAGE_STANDARD = gnu17;
				GCC_DYNAMIC_NO_PIC = NO;
				GCC_NO_COMMON_BLOCKS = YES;
				GCC_OPTIMIZATION_LEVEL = 0;
				GCC_PREPROCESSOR_DEFINITIONS = (
					"DEBUG=1",
					"$(inherited)",
				);
				GCC_WARN_64_TO_32_BIT_CONVERSION = YES;
				GCC_WARN_ABOUT_RETURN_TYPE = YES_ERROR;
				GCC_WARN_UNDECLARED_SELECTOR = YES;
				GCC_WARN_UNINITIALIZED_AUTOS = YES_AGGRESSIVE;
				GCC_WARN_UNUSED_FUNCTION = YES;
				GCC_WARN_UNUSED_VARIABLE = YES;
				IPHONEOS_DEPLOYMENT_TARGET = 26.1;
				LOCALIZATION_PREFERS_STRING_CATALOGS = YES;
				MTL_ENABLE_DEBUG_INFO = INCLUDE_SOURCE;
				MTL_FAST_MATH = YES;
				ONLY_ACTIVE_ARCH = YES;
				SDKROOT = iphoneos;
				SWIFT_ACTIVE_COMPILATION_CONDITIONS = "DEBUG $(inherited)";
				SWIFT_OPTIMIZATION_LEVEL = "-Onone";
			};
			name = Debug;
		};
		ECCAEE322F21888C0047C5DF /* Release */ = {
			isa = XCBuildConfiguration;
			buildSettings = {
				ALWAYS_SEARCH_USER_PATHS = NO;
				ASSETCATALOG_COMPILER_GENERATE_SWIFT_ASSET_SYMBOL_EXTENSIONS = YES;
				CLANG_ANALYZER_NONNULL = YES;
				CLANG_ANALYZER_NUMBER_OBJECT_CONVERSION = YES_AGGRESSIVE;
				CLANG_CXX_LANGUAGE_STANDARD = "gnu++20";
				CLANG_ENABLE_MODULES = YES;
				CLANG_ENABLE_OBJC_ARC = YES;
				CLANG_ENABLE_OBJC_WEAK = YES;
				CLANG_WARN_BLOCK_CAPTURE_AUTORELEASING = YES;
				CLANG_WARN_BOOL_CONVERSION = YES;
				CLANG_WARN_COMMA = YES;
				CLANG_WARN_CONSTANT_CONVERSION = YES;
				CLANG_WARN_DEPRECATED_OBJC_IMPLEMENTATIONS = YES;
				CLANG_WARN_DIRECT_OBJC_ISA_USAGE = YES_ERROR;
				CLANG_WARN_DOCUMENTATION_COMMENTS = YES;
				CLANG_WARN_EMPTY_BODY = YES;
				CLANG_WARN_ENUM_CONVERSION = YES;
				CLANG_WARN_INFINITE_RECURSION = YES;
				CLANG_WARN_INT_CONVERSION = YES;
				CLANG_WARN_NON_LITERAL_NULL_CONVERSION = YES;
				CLANG_WARN_OBJC_IMPLICIT_RETAIN_SELF = YES;
				CLANG_WARN_OBJC_LITERAL_CONVERSION = YES;
				CLANG_WARN_OBJC_ROOT_CLASS = YES_ERROR;
				CLANG_WARN_QUOTED_INCLUDE_IN_FRAMEWORK_HEADER = YES;
				CLANG_WARN_RANGE_LOOP_ANALYSIS = YES;
				CLANG_WARN_STRICT_PROTOTYPES = YES;
				CLANG_WARN_SUSPICIOUS_MOVE = YES;
				CLANG_WARN_UNGUARDED_AVAILABILITY = YES_AGGRESSIVE;
				CLANG_WARN_UNREACHABLE_CODE = YES;
				CLANG_WARN__DUPLICATE_METHOD_MATCH = YES;
				COPY_PHASE_STRIP = NO;
				DEBUG_INFORMATION_FORMAT = "dwarf-with-dsym";
				DEVELOPMENT_TEAM = Q3BRAU32HS;
				ENABLE_NS_ASSERTIONS = NO;
				ENABLE_STRICT_OBJC_MSGSEND = YES;
				ENABLE_USER_SCRIPT_SANDBOXING = YES;
				GCC_C_LANGUAGE_STANDARD = gnu17;
				GCC_NO_COMMON_BLOCKS = YES;
				GCC_WARN_64_TO_32_BIT_CONVERSION = YES;
				GCC_WARN_ABOUT_RETURN_TYPE = YES_ERROR;
				GCC_WARN_UNDECLARED_SELECTOR = YES;
				GCC_WARN_UNINITIALIZED_AUTOS = YES_AGGRESSIVE;
				GCC_WARN_UNUSED_FUNCTION = YES;
				GCC_WARN_UNUSED_VARIABLE = YES;
				IPHONEOS_DEPLOYMENT_TARGET = 26.1;
				LOCALIZATION_PREFERS_STRING_CATALOGS = YES;
				MTL_ENABLE_DEBUG_INFO = NO;
				MTL_FAST_MATH = YES;
				SDKROOT = iphoneos;
				SWIFT_COMPILATION_MODE = wholemodule;
				VALIDATE_PRODUCT = YES;
			};
			name = Release;
		};
		ECCAEE342F21888C0047C5DF /* Debug */ = {
			isa = XCBuildConfiguration;
			buildSettings = {
				ASSETCATALOG_COMPILER_APPICON_NAME = AppIcon;
				ASSETCATALOG_COMPILER_GLOBAL_ACCENT_COLOR_NAME = AccentColor;
				ASSETCATALOG_COMPILER_INCLUDE_ALL_APPICON_ASSETS = YES;
				CODE_SIGN_ENTITLEMENTS = StepGame/StepGame.entitlements;
				CODE_SIGN_STYLE = Automatic;
				CURRENT_PROJECT_VERSION = 1;
				DEVELOPMENT_TEAM = Q3BRAU32HS;
				ENABLE_PREVIEWS = YES;
				GENERATE_INFOPLIST_FILE = YES;
				INFOPLIST_FILE = StepGame/Info.plist;
				INFOPLIST_KEY_NSHealthShareUsageDescription = "Turn on step tracking to start your journey!";
				INFOPLIST_KEY_NSHealthUpdateUsageDescription = "This app requests access to your step count data to display your progress inside the app.";
				INFOPLIST_KEY_UIApplicationSceneManifest_Generation = YES;
				INFOPLIST_KEY_UIApplicationSupportsIndirectInputEvents = YES;
				INFOPLIST_KEY_UILaunchScreen_Generation = YES;
				INFOPLIST_KEY_UILaunchStoryboardName = "";
				INFOPLIST_KEY_UIStatusBarHidden = NO;
				INFOPLIST_KEY_UISupportedInterfaceOrientations = UIInterfaceOrientationPortrait;
				INFOPLIST_KEY_UISupportedInterfaceOrientations_iPad = "UIInterfaceOrientationLandscapeLeft UIInterfaceOrientationLandscapeRight UIInterfaceOrientationPortrait UIInterfaceOrientationPortraitUpsideDown";
				IPHONEOS_DEPLOYMENT_TARGET = 26.0;
				LD_RUNPATH_SEARCH_PATHS = (
					"$(inherited)",
					"@executable_path/Frameworks",
				);
				MARKETING_VERSION = 1.0;
				PRODUCT_BUNDLE_IDENTIFIER = com.2026.StepGame;
				PRODUCT_NAME = "$(TARGET_NAME)";
				STRING_CATALOG_GENERATE_SYMBOLS = YES;
				SUPPORTED_PLATFORMS = "iphoneos iphonesimulator";
				SUPPORTS_MACCATALYST = NO;
				SUPPORTS_MAC_DESIGNED_FOR_IPHONE_IPAD = NO;
				SUPPORTS_XR_DESIGNED_FOR_IPHONE_IPAD = NO;
				SWIFT_APPROACHABLE_CONCURRENCY = YES;
				SWIFT_DEFAULT_ACTOR_ISOLATION = MainActor;
				SWIFT_EMIT_LOC_STRINGS = YES;
				SWIFT_UPCOMING_FEATURE_MEMBER_IMPORT_VISIBILITY = YES;
				SWIFT_VERSION = 5.0;
				TARGETED_DEVICE_FAMILY = 1;
			};
			name = Debug;
		};
		ECCAEE352F21888C0047C5DF /* Release */ = {
			isa = XCBuildConfiguration;
			buildSettings = {
				ASSETCATALOG_COMPILER_APPICON_NAME = AppIcon;
				ASSETCATALOG_COMPILER_GLOBAL_ACCENT_COLOR_NAME = AccentColor;
				ASSETCATALOG_COMPILER_INCLUDE_ALL_APPICON_ASSETS = YES;
				CODE_SIGN_ENTITLEMENTS = StepGame/StepGame.entitlements;
				CODE_SIGN_STYLE = Automatic;
				CURRENT_PROJECT_VERSION = 1;
				DEVELOPMENT_TEAM = Q3BRAU32HS;
				ENABLE_PREVIEWS = YES;
				GENERATE_INFOPLIST_FILE = YES;
				INFOPLIST_FILE = StepGame/Info.plist;
				INFOPLIST_KEY_NSHealthShareUsageDescription = "Turn on step tracking to start your journey!";
				INFOPLIST_KEY_NSHealthUpdateUsageDescription = "This app requests access to your step count data to display your progress inside the app.";
				INFOPLIST_KEY_UIApplicationSceneManifest_Generation = YES;
				INFOPLIST_KEY_UIApplicationSupportsIndirectInputEvents = YES;
				INFOPLIST_KEY_UILaunchScreen_Generation = YES;
				INFOPLIST_KEY_UILaunchStoryboardName = "";
				INFOPLIST_KEY_UIStatusBarHidden = NO;
				INFOPLIST_KEY_UISupportedInterfaceOrientations = UIInterfaceOrientationPortrait;
				INFOPLIST_KEY_UISupportedInterfaceOrientations_iPad = "UIInterfaceOrientationLandscapeLeft UIInterfaceOrientationLandscapeRight UIInterfaceOrientationPortrait UIInterfaceOrientationPortraitUpsideDown";
				IPHONEOS_DEPLOYMENT_TARGET = 26.0;
				LD_RUNPATH_SEARCH_PATHS = (
					"$(inherited)",
					"@executable_path/Frameworks",
				);
				MARKETING_VERSION = 1.0;
				PRODUCT_BUNDLE_IDENTIFIER = com.2026.StepGame;
				PRODUCT_NAME = "$(TARGET_NAME)";
				STRING_CATALOG_GENERATE_SYMBOLS = YES;
				SUPPORTED_PLATFORMS = "iphoneos iphonesimulator";
				SUPPORTS_MACCATALYST = NO;
				SUPPORTS_MAC_DESIGNED_FOR_IPHONE_IPAD = NO;
				SUPPORTS_XR_DESIGNED_FOR_IPHONE_IPAD = NO;
				SWIFT_APPROACHABLE_CONCURRENCY = YES;
				SWIFT_DEFAULT_ACTOR_ISOLATION = MainActor;
				SWIFT_EMIT_LOC_STRINGS = YES;
				SWIFT_UPCOMING_FEATURE_MEMBER_IMPORT_VISIBILITY = YES;
				SWIFT_VERSION = 5.0;
				TARGETED_DEVICE_FAMILY = 1;
			};
			name = Release;
		};
/* End XCBuildConfiguration section */

/* Begin XCConfigurationList section */
		ECCAEE232F21888B0047C5DF /* Build configuration list for PBXProject "StepGame" */ = {
			isa = XCConfigurationList;
			buildConfigurations = (
				ECCAEE312F21888C0047C5DF /* Debug */,
				ECCAEE322F21888C0047C5DF /* Release */,
			);
			defaultConfigurationIsVisible = 0;
			defaultConfigurationName = Release;
		};
		ECCAEE332F21888C0047C5DF /* Build configuration list for PBXNativeTarget "StepGame" */ = {
			isa = XCConfigurationList;
			buildConfigurations = (
				ECCAEE342F21888C0047C5DF /* Debug */,
				ECCAEE352F21888C0047C5DF /* Release */,
			);
			defaultConfigurationIsVisible = 0;
			defaultConfigurationName = Release;
		};
/* End XCConfigurationList section */

/* Begin XCRemoteSwiftPackageReference section */
		ECCAEE382F218A8B0047C5DF /* XCRemoteSwiftPackageReference "firebase-ios-sdk" */ = {
			isa = XCRemoteSwiftPackageReference;
			repositoryURL = "https://github.com/firebase/firebase-ios-sdk";
			requirement = {
				kind = upToNextMajorVersion;
				minimumVersion = 12.8.0;
			};
		};
/* End XCRemoteSwiftPackageReference section */

/* Begin XCSwiftPackageProductDependency section */
		ECCAEE392F218A8B0047C5DF /* FirebaseAuth */ = {
			isa = XCSwiftPackageProductDependency;
			package = ECCAEE382F218A8B0047C5DF /* XCRemoteSwiftPackageReference "firebase-ios-sdk" */;
			productName = FirebaseAuth;
		};
		ECCAEE3B2F218A8B0047C5DF /* FirebaseFirestore */ = {
			isa = XCSwiftPackageProductDependency;
			package = ECCAEE382F218A8B0047C5DF /* XCRemoteSwiftPackageReference "firebase-ios-sdk" */;
			productName = FirebaseFirestore;
		};
/* End XCSwiftPackageProductDependency section */
	};
	rootObject = ECCAEE202F21888B0047C5DF /* Project object */;
}
